github.com/gocraft-org/packets v0.0.0-20200418025217-6ae896986e50 h1:9K0nxSNvCAolcVZEVdHqxRGOWTP3OVWSU4DM2godICc=
github.com/gocraft-org/protocol v0.0.0-20200418175732-ad913e870b43 h1:k/X0fjzi29lY95r3OHdON8qPEwODO7eQIPvnLMsYtNc=
github.com/gocraft-org/protocol v0.0.0-20200418235333-f57a35d2e973 h1:5YTNZ1c5sX8shMs/2awjDoEVtt/Z8tlEAHlj9rLKmRA=
github.com/gocraft-org/protocol v0.0.0-20200418235333-f57a35d2e973/go.mod h1:ZsmbYlOxkY05WuRJi1uzbVJ5uLDZ5swpJZYe/ihdPPY=
github.com/gocraft-org/protocol v0.0.0-20200419000233-67dc3e086c2f h1:m3TiNWBzDKfhh1PBL38/SlPMWV6xkVNeFeLMAywVGYU=
github.com/gocraft-org/protocol v0.0.0-20200419000233-67dc3e086c2f/go.mod h1:ZsmbYlOxkY05WuRJi1uzbVJ5uLDZ5swpJZYe/ihdPPY=
github.com/gocraft-org/protocol v0.0.0-20200419011959-0d3127934443 h1:5k9wIVLu84ck+5tYb+q+7JsRuBnFaYY8CiOhxXTJLbQ=
github.com/gocraft-org/protocol v0.0.0-20200419011959-0d3127934443/go.mod h1:ZsmbYlOxkY05WuRJi1uzbVJ5uLDZ5swpJZYe/ihdPPY=
github.com/gocraft-org/protocol v0.0.0-20200419031900-17623796da98 h1:R+RAY3KkQNLEzoY1VFBk62T/pzlFEPxu/5oTn3pxks4=
github.com/gocraft-org/protocol v0.0.0-20200419031900-17623796da98/go.mod h1:ZsmbYlOxkY05WuRJi1uzbVJ5uLDZ5swpJZYe/ihdPPY=
github.com/gocraft-org/protocol v0.0.0-20200423021527-d3e533bfff43 h1:KL7pOcPyWFOOYr1vJIgY4ZCyaFcYtY9iYu0aIifUrCE=
github.com/gocraft-org/protocol v0.0.0-20200423021527-d3e533bfff43/go.mod h1:ZsmbYlOxkY05WuRJi1uzbVJ5uLDZ5swpJZYe/ihdPPY=
